
Microsoft Visual Studio Solution File, Format Version 12.00
# Visual Studio Version 17
VisualStudioVersion = 17.10.34607.79
MinimumVisualStudioVersion = 10.0.40219.1
Project("{9A19103F-16F7-4668-BE54-9A1E7A4F7556}") = "SkymeyAPI", "SkymeyAPI\SkymeyAPI.csproj", "{F3BA4496-2200-4372-B512-01C606335C95}"
EndProject
Project("{9A19103F-16F7-4668-BE54-9A1E7A4F7556}") = "SkymeyUserService", "SkymeyUserService\SkymeyUserService.csproj", "{A2051997-BCAC-4822-A524-7C2ECB07857F}"
EndProject
Project("{9A19103F-16F7-4668-BE54-9A1E7A4F7556}") = "SkymeyLib", "SkymeyLib\SkymeyLib.csproj", "{9E9E9362-FE07-4E9F-B57C-7D1E7912472C}"
EndProject
Project("{9A19103F-16F7-4668-BE54-9A1E7A4F7556}") = "Skymey", "Skymey\Skymey.csproj", "{D453CA9F-B2CA-4E1B-87EB-F12E08092C01}"
EndProject
Project("{9A19103F-16F7-4668-BE54-9A1E7A4F7556}") = "SkymeyProcessController", "SkymeyProcessController\SkymeyProcessController.csproj", "{4ECDD724-51FB-4ECF-B96E-CBC11AE5DEEB}"
EndProject
Project("{FAE04EC0-301F-11D3-BF4B-00C04F79EFBC}") = "SkymeyCryptoService", "SkymeyCryptoService\SkymeyCryptoService.csproj", "{7B166783-0F9B-4D1E-B8D1-862848F772BD}"
EndProject
Global
	GlobalSection(SolutionConfigurationPlatforms) = preSolution
		Debug|Any CPU = Debug|Any CPU
		Release|Any CPU = Release|Any CPU
	EndGlobalSection
	GlobalSection(ProjectConfigurationPlatforms) = postSolution
		{F3BA4496-2200-4372-B512-01C606335C95}.Debug|Any CPU.ActiveCfg = Debug|Any CPU
		{F3BA4496-2200-4372-B512-01C606335C95}.Debug|Any CPU.Build.0 = Debug|Any CPU
		{F3BA4496-2200-4372-B512-01C606335C95}.Release|Any CPU.ActiveCfg = Release|Any CPU
		{F3BA4496-2200-4372-B512-01C606335C95}.Release|Any CPU.Build.0 = Release|Any CPU
		{A2051997-BCAC-4822-A524-7C2ECB07857F}.Debug|Any CPU.ActiveCfg = Debug|Any CPU
		{A2051997-BCAC-4822-A524-7C2ECB07857F}.Debug|Any CPU.Build.0 = Debug|Any CPU
		{A2051997-BCAC-4822-A524-7C2ECB07857F}.Release|Any CPU.ActiveCfg = Release|Any CPU
		{A2051997-BCAC-4822-A524-7C2ECB07857F}.Release|Any CPU.Build.0 = Release|Any CPU
		{9E9E9362-FE07-4E9F-B57C-7D1E7912472C}.Debug|Any CPU.ActiveCfg = Debug|Any CPU
		{9E9E9362-FE07-4E9F-B57C-7D1E7912472C}.Debug|Any CPU.Build.0 = Debug|Any CPU
		{9E9E9362-FE07-4E9F-B57C-7D1E7912472C}.Release|Any CPU.ActiveCfg = Release|Any CPU
		{9E9E9362-FE07-4E9F-B57C-7D1E7912472C}.Release|Any CPU.Build.0 = Release|Any CPU
		{D453CA9F-B2CA-4E1B-87EB-F12E08092C01}.Debug|Any CPU.ActiveCfg = Debug|Any CPU
		{D453CA9F-B2CA-4E1B-87EB-F12E08092C01}.Debug|Any CPU.Build.0 = Debug|Any CPU
		{D453CA9F-B2CA-4E1B-87EB-F12E08092C01}.Release|Any CPU.ActiveCfg = Release|Any CPU
		{D453CA9F-B2CA-4E1B-87EB-F12E08092C01}.Release|Any CPU.Build.0 = Release|Any CPU
		{4ECDD724-51FB-4ECF-B96E-CBC11AE5DEEB}.Debug|Any CPU.ActiveCfg = Debug|Any CPU
		{4ECDD724-51FB-4ECF-B96E-CBC11AE5DEEB}.Debug|Any CPU.Build.0 = Debug|Any CPU
		{4ECDD724-51FB-4ECF-B96E-CBC11AE5DEEB}.Release|Any CPU.ActiveCfg = Release|Any CPU
		{4ECDD724-51FB-4ECF-B96E-CBC11AE5DEEB}.Release|Any CPU.Build.0 = Release|Any CPU
		{7B166783-0F9B-4D1E-B8D1-862848F772BD}.Debug|Any CPU.ActiveCfg = Debug|Any CPU
		{7B166783-0F9B-4D1E-B8D1-862848F772BD}.Debug|Any CPU.Build.0 = Debug|Any CPU
		{7B166783-0F9B-4D1E-B8D1-862848F772BD}.Release|Any CPU.ActiveCfg = Release|Any CPU
		{7B166783-0F9B-4D1E-B8D1-862848F772BD}.Release|Any CPU.Build.0 = Release|Any CPU
	EndGlobalSection
	GlobalSection(SolutionProperties) = preSolution
		HideSolutionNode = FALSE
	EndGlobalSection
	GlobalSection(ExtensibilityGlobals) = postSolution
		SolutionGuid = {48C054E2-7C64-42A5-A311-E71616CA9C0F}
	EndGlobalSection
EndGlobal
